PODS:
  - Oh.Swift (0.1):
    - Oh.Swift/Core (= 0.1)
  - Oh.Swift/Core (0.1)

DEPENDENCIES:
  - Oh.Swift (from `../`)

EXTERNAL SOURCES:
  Oh.Swift:
    :path: "../"

SPEC CHECKSUMS:
  Oh.Swift: c4f44debd35ab74fe9d8ed3acada95ff396d1abd

PODFILE CHECKSUM: 6d36b91427e643ab1886939d2c36e855db6a4920

COCOAPODS: 1.11.2
