PODS:
  - Extensions/Core (0.7.1)
  - Extensions/Rx (0.7.1):
    - Extensions/Core
    - RxCocoa (~> 4.0)
    - RxSwift (~> 4.0)
  - Extensions/Snp (0.7.1):
    - Extensions/Core
    - SnapKit (~> 4.0)
  - RxCocoa (4.2.0):
    - RxSwift (~> 4.0)
  - RxSwift (4.2.0)
  - SnapKit (4.0.0)

DEPENDENCIES:
  - Extensions/Rx (from `../`)
  - Extensions/Snp (from `../`)

SPEC REPOS:
  https://github.com/cocoapods/specs.git:
    - RxCocoa
    - RxSwift
    - SnapKit

EXTERNAL SOURCES:
  Extensions:
    :path: "../"

SPEC CHECKSUMS:
  Extensions: 658fb3f20f06e4c117aac6a85a4cdd1850ef4c29
  RxCocoa: 0b54909c902e1e581212a03e690bbd94032d8baa
  RxSwift: 99e10317ddfcc7fbe01356aafd118fde4a0be104
  SnapKit: a42d492c16e80209130a3379f73596c3454b7694

PODFILE CHECKSUM: 48d66b89425c1d59bb1a3ac150ff5ec0ca060cef

COCOAPODS: 1.5.3
