PODS:
  - Oh.Swift (0.1):
    - Oh.Swift/Core (= 0.1)
  - Oh.Swift/Core (0.1)

DEPENDENCIES:
  - Oh.Swift (from `../`)

EXTERNAL SOURCES:
  Oh.Swift:
    :path: "../"

SPEC CHECKSUMS:
  Oh.Swift: 0230fde84bdb325570ae95cda4396264fdf5a460

PODFILE CHECKSUM: 6d36b91427e643ab1886939d2c36e855db6a4920

COCOAPODS: 1.11.2
